
Microsoft Visual Studio Solution File, Format Version 12.00
# Visual Studio Version 17
VisualStudioVersion = 17.0.31903.59
MinimumVisualStudioVersion = 10.0.40219.1
Project("{FAE04EC0-301F-11D3-BF4B-00C04F79EFBC}") = "API", "API\API.csproj", "{39A36B6A-36C3-4669-873C-A080B78275A5}"
EndProject
Project("{FAE04EC0-301F-11D3-BF4B-00C04F79EFBC}") = "API.Tests", "API.Tests\API.Tests.csproj", "{CE894519-E4B6-4B73-A11D-07C7B60AEB08}"
EndProject
Global
	GlobalSection(SolutionConfigurationPlatforms) = preSolution
		Debug|Any CPU = Debug|Any CPU
		Release|Any CPU = Release|Any CPU
	EndGlobalSection
	GlobalSection(SolutionProperties) = preSolution
		HideSolutionNode = FALSE
	EndGlobalSection
	GlobalSection(ProjectConfigurationPlatforms) = postSolution
		{39A36B6A-36C3-4669-873C-A080B78275A5}.Debug|Any CPU.ActiveCfg = Debug|Any CPU
		{39A36B6A-36C3-4669-873C-A080B78275A5}.Debug|Any CPU.Build.0 = Debug|Any CPU
		{39A36B6A-36C3-4669-873C-A080B78275A5}.Release|Any CPU.ActiveCfg = Release|Any CPU
		{39A36B6A-36C3-4669-873C-A080B78275A5}.Release|Any CPU.Build.0 = Release|Any CPU
		{CE894519-E4B6-4B73-A11D-07C7B60AEB08}.Debug|Any CPU.ActiveCfg = Debug|Any CPU
		{CE894519-E4B6-4B73-A11D-07C7B60AEB08}.Debug|Any CPU.Build.0 = Debug|Any CPU
		{CE894519-E4B6-4B73-A11D-07C7B60AEB08}.Release|Any CPU.ActiveCfg = Release|Any CPU
		{CE894519-E4B6-4B73-A11D-07C7B60AEB08}.Release|Any CPU.Build.0 = Release|Any CPU
	EndGlobalSection
EndGlobal
